<?xml version="1.0" encoding="utf-8"?>
<Project ToolsVersion="4.0" xmlns="http://schemas.microsoft.com/developer/msbuild/2003">
  <ItemGroup>
    <ClCompile Include="src\EnemyPlayer.cpp">
      <Filter>Game</Filter>
    </ClCompile>
    <ClCompile Include="src\EventReceiver.cpp">
      <Filter>Game</Filter>
    </ClCompile>
    <ClCompile Include="src\Game.cpp">
      <Filter>Game</Filter>
    </ClCompile>
    <ClCompile Include="src\Player.cpp">
      <Filter>Game</Filter>
    </ClCompile>
    <ClCompile Include="src\Barracks.cpp">
      <Filter>Game\Entities\Buildings</Filter>
    </ClCompile>
    <ClCompile Include="src\Building.cpp">
      <Filter>Game\Entities\Buildings</Filter>
    </ClCompile>
    <ClCompile Include="src\Farm.cpp">
      <Filter>Game\Entities\Buildings</Filter>
    </ClCompile>
    <ClCompile Include="src\LumberMill.cpp">
      <Filter>Game\Entities\Buildings</Filter>
    </ClCompile>
    <ClCompile Include="src\Quarry.cpp">
      <Filter>Game\Entities\Buildings</Filter>
    </ClCompile>
    <ClCompile Include="src\SiegeWorkshop.cpp">
      <Filter>Game\Entities\Buildings</Filter>
    </ClCompile>
    <ClCompile Include="src\TownCenter.cpp">
      <Filter>Game\Entities\Buildings</Filter>
    </ClCompile>
    <ClCompile Include="src\UnitArcher.cpp">
      <Filter>Game\Entities\Units</Filter>
    </ClCompile>
    <ClCompile Include="src\UnitCatapult.cpp">
      <Filter>Game\Entities\Units</Filter>
    </ClCompile>
    <ClCompile Include="src\UnitKnight.cpp">
      <Filter>Game\Entities\Units</Filter>
    </ClCompile>
    <ClCompile Include="src\UnitPeasant.cpp">
      <Filter>Game\Entities\Units</Filter>
    </ClCompile>
    <ClCompile Include="src\Entity.cpp">
      <Filter>Game\Entities</Filter>
    </ClCompile>
    <ClCompile Include="src\Unit.cpp">
      <Filter>Game\Entities\Units</Filter>
    </ClCompile>
    <ClCompile Include="src\GameScene.cpp">
      <Filter>Game\Scenes</Filter>
    </ClCompile>
    <ClCompile Include="src\MenuScene.cpp">
      <Filter>Game\Scenes</Filter>
    </ClCompile>
    <ClCompile Include="src\Scene.cpp">
      <Filter>Game\Scenes</Filter>
    </ClCompile>
    <ClCompile Include="src\Tile.cpp">
      <Filter>Game\Tiles</Filter>
    </ClCompile>
    <ClCompile Include="src\TileForest.cpp">
      <Filter>Game\Tiles</Filter>
    </ClCompile>
    <ClCompile Include="src\TileGrass.cpp">
      <Filter>Game\Tiles</Filter>
    </ClCompile>
    <ClCompile Include="src\TileRocks.cpp">
      <Filter>Game\Tiles</Filter>
    </ClCompile>
    <ClCompile Include="src\TileSystem.cpp">
      <Filter>Game\Tiles</Filter>
    </ClCompile>
    <ClCompile Include="src\TileWheat.cpp">
      <Filter>Game\Tiles</Filter>
    </ClCompile>
    <ClCompile Include="src\Button.cpp">
      <Filter>Game</Filter>
    </ClCompile>
  </ItemGroup>
  <ItemGroup>
    <ClInclude Include="src\EnemyPlayer.h">
      <Filter>Game</Filter>
    </ClInclude>
    <ClInclude Include="src\EventReceiver.h">
      <Filter>Game</Filter>
    </ClInclude>
    <ClInclude Include="src\Game.h">
      <Filter>Game</Filter>
    </ClInclude>
    <ClInclude Include="src\Player.h">
      <Filter>Game</Filter>
    </ClInclude>
    <ClInclude Include="src\Barracks.h">
      <Filter>Game\Entities\Buildings</Filter>
    </ClInclude>
    <ClInclude Include="src\Building.h">
      <Filter>Game\Entities\Buildings</Filter>
    </ClInclude>
    <ClInclude Include="src\Farm.h">
      <Filter>Game\Entities\Buildings</Filter>
    </ClInclude>
    <ClInclude Include="src\LumberMill.h">
      <Filter>Game\Entities\Buildings</Filter>
    </ClInclude>
    <ClInclude Include="src\Quarry.h">
      <Filter>Game\Entities\Buildings</Filter>
    </ClInclude>
    <ClInclude Include="src\SiegeWorkshop.h">
      <Filter>Game\Entities\Buildings</Filter>
    </ClInclude>
    <ClInclude Include="src\TownCenter.h">
      <Filter>Game\Entities\Buildings</Filter>
    </ClInclude>
    <ClInclude Include="src\UnitPeasant.h">
      <Filter>Game\Entities\Units</Filter>
    </ClInclude>
    <ClInclude Include="src\Unit.h">
      <Filter>Game\Entities\Units</Filter>
    </ClInclude>
    <ClInclude Include="src\UnitArcher.h">
      <Filter>Game\Entities\Units</Filter>
    </ClInclude>
    <ClInclude Include="src\UnitCatapult.h">
      <Filter>Game\Entities\Units</Filter>
    </ClInclude>
    <ClInclude Include="src\UnitKnight.h">
      <Filter>Game\Entities\Units</Filter>
    </ClInclude>
    <ClInclude Include="src\Entity.h">
      <Filter>Game\Entities</Filter>
    </ClInclude>
    <ClInclude Include="src\MenuScene.h">
      <Filter>Game\Scenes</Filter>
    </ClInclude>
    <ClInclude Include="src\GameScene.h">
      <Filter>Game\Scenes</Filter>
    </ClInclude>
    <ClInclude Include="src\Scene.h">
      <Filter>Game\Scenes</Filter>
    </ClInclude>
    <ClInclude Include="src\TileWheat.h">
      <Filter>Game\Tiles</Filter>
    </ClInclude>
    <ClInclude Include="src\Tile.h">
      <Filter>Game\Tiles</Filter>
    </ClInclude>
    <ClInclude Include="src\TileForest.h">
      <Filter>Game\Tiles</Filter>
    </ClInclude>
    <ClInclude Include="src\TileGrass.h">
      <Filter>Game\Tiles</Filter>
    </ClInclude>
    <ClInclude Include="src\TileRocks.h">
      <Filter>Game\Tiles</Filter>
    </ClInclude>
    <ClInclude Include="src\TileSystem.h">
      <Filter>Game\Tiles</Filter>
    </ClInclude>
    <ClInclude Include="src\Button.h">
      <Filter>Game</Filter>
    </ClInclude>
  </ItemGroup>
  <ItemGroup>
    <None Include="Irrlicht.dll">
      <Filter>crap</Filter>
    </None>
    <None Include="res\tileGrass.3DS">
      <Filter>crap</Filter>
    </None>
    <None Include="irrKlang.dll">
      <Filter>crap</Filter>
    </None>
    <None Include="ikpMP3.dll">
      <Filter>crap</Filter>
    </None>
  </ItemGroup>
  <ItemGroup>
    <Filter Include="crap">
      <UniqueIdentifier>{f65fd840-d2d4-4897-b4ab-4643fe8d8c03}</UniqueIdentifier>
    </Filter>
    <Filter Include="Game">
      <UniqueIdentifier>{88722857-990a-4f93-97cb-ef9874331cd4}</UniqueIdentifier>
    </Filter>
    <Filter Include="Game\Entities">
      <UniqueIdentifier>{8f4d5c07-230a-442e-9cd8-be69616f952a}</UniqueIdentifier>
    </Filter>
    <Filter Include="Game\Entities\Buildings">
      <UniqueIdentifier>{31871356-7806-4d87-80b0-37035730d65e}</UniqueIdentifier>
    </Filter>
    <Filter Include="Game\Entities\Units">
      <UniqueIdentifier>{3f219c2d-b4b6-466a-88ab-c3c4d74ffde6}</UniqueIdentifier>
    </Filter>
    <Filter Include="Game\Scenes">
      <UniqueIdentifier>{725f8e0c-3d59-4494-a5a0-2a04196e6c90}</UniqueIdentifier>
    </Filter>
    <Filter Include="Game\Tiles">
      <UniqueIdentifier>{6f5ac8b2-56c7-494e-80e2-0fad6a465d7f}</UniqueIdentifier>
    </Filter>
  </ItemGroup>
</Project>